
Microsoft Visual Studio Solution File, Format Version 12.00
# Visual Studio 15
VisualStudioVersion = 15.0.27428.2015
MinimumVisualStudioVersion = 10.0.40219.1
Project("{FAE04EC0-301F-11D3-BF4B-00C04F79EFBC}") = "FrumGirlProblems", "FrumGirlProblems\FrumGirlProblems.csproj", "{37D97B96-45EF-4DCD-BBC1-39915C6491B0}"
EndProject
Global
	GlobalSection(SolutionConfigurationPlatforms) = preSolution
		Debug|Any CPU = Debug|Any CPU
		Release|Any CPU = Release|Any CPU
	EndGlobalSection
	GlobalSection(ProjectConfigurationPlatforms) = postSolution
		{37D97B96-45EF-4DCD-BBC1-39915C6491B0}.Debug|Any CPU.ActiveCfg = Debug|Any CPU
		{37D97B96-45EF-4DCD-BBC1-39915C6491B0}.Debug|Any CPU.Build.0 = Debug|Any CPU
		{37D97B96-45EF-4DCD-BBC1-39915C6491B0}.Release|Any CPU.ActiveCfg = Release|Any CPU
		{37D97B96-45EF-4DCD-BBC1-39915C6491B0}.Release|Any CPU.Build.0 = Release|Any CPU
	EndGlobalSection
	GlobalSection(SolutionProperties) = preSolution
		HideSolutionNode = FALSE
	EndGlobalSection
	GlobalSection(ExtensibilityGlobals) = postSolution
		SolutionGuid = {A195EB56-8094-4F0D-AE39-2883E471EC0E}
	EndGlobalSection
EndGlobal
